
Microsoft Visual Studio Solution File, Format Version 12.00
# Visual Studio Version 17
VisualStudioVersion = 17.8.34316.72
MinimumVisualStudioVersion = 10.0.40219.1
Project("{F184B08F-C81C-45F6-A57F-5ABD9991F28F}") = "Area of a circle", "Area of a circle.vbproj", "{B91B66D7-9462-4645-9A9F-F4FCC0C39E32}"
EndProject
Global
	GlobalSection(SolutionConfigurationPlatforms) = preSolution
		Debug|Any CPU = Debug|Any CPU
		Release|Any CPU = Release|Any CPU
	EndGlobalSection
	GlobalSection(ProjectConfigurationPlatforms) = postSolution
		{B91B66D7-9462-4645-9A9F-F4FCC0C39E32}.Debug|Any CPU.ActiveCfg = Debug|Any CPU
		{B91B66D7-9462-4645-9A9F-F4FCC0C39E32}.Debug|Any CPU.Build.0 = Debug|Any CPU
		{B91B66D7-9462-4645-9A9F-F4FCC0C39E32}.Release|Any CPU.ActiveCfg = Release|Any CPU
		{B91B66D7-9462-4645-9A9F-F4FCC0C39E32}.Release|Any CPU.Build.0 = Release|Any CPU
	EndGlobalSection
	GlobalSection(SolutionProperties) = preSolution
		HideSolutionNode = FALSE
	EndGlobalSection
	GlobalSection(ExtensibilityGlobals) = postSolution
		SolutionGuid = {6A248A4D-E592-4B1E-B7D9-63D659F8BBB3}
	EndGlobalSection
EndGlobal
